{
  "name": "khAntans.github.io",
  "lockfileVersion": 3,
  "requires": true,
  "packages": {
    "": {
      "dependencies": {
        "aframe-super-shooter-kit": "^1.1.7"
      }
    },
    "node_modules/aframe-super-shooter-kit": {
      "version": "1.1.7",
      "resolved": "https://registry.npmjs.org/aframe-super-shooter-kit/-/aframe-super-shooter-kit-1.1.7.tgz",
      "integrity": "sha512-Q19yo2ZcI30ur51qD1zhzi94b22pc8kEjhL+kjrsG9igJZa9L1zCQ+DAI9v/7IbRR8Px22kvCzhWQ/Bj1ydhQw=="
    }
  }
}
